{
  "nodes": {
    "atchr": {
      "inputs": {
        "crane": "crane",
        "flake-utils": "flake-utils",
        "nixpkgs": "nixpkgs"
      },
      "locked": {
        "host": "lab.home.5kw.li",
        "lastModified": 1767207125,
        "narHash": "sha256-Kt1dO76SWjpmtjl0wl7NSgHaVNygEH9f7s6vUpPcYwA=",
        "owner": "foldu",
        "repo": "atchr",
        "rev": "cfc5c1e06e653fb920fd6337a171841c0f6f93d2",
        "type": "gitlab"
      },
      "original": {
        "host": "lab.home.5kw.li",
        "owner": "foldu",
        "ref": "master",
        "repo": "atchr",
        "type": "gitlab"
      }
    },
    "cashewnix": {
      "inputs": {
        "crane": "crane_2",
        "flake-utils": "flake-utils_2",
        "nixpkgs": "nixpkgs_2"
      },
      "locked": {
        "lastModified": 1769140871,
        "narHash": "sha256-LjFboMAj209PrO+G1U2QleenqUGZjro5gDHa66fy8Fw=",
        "owner": "foldu",
        "repo": "cashewnix",
        "rev": "6a705cf0339bf24b9b7e6b1533e721b3657710ab",
        "type": "github"
      },
      "original": {
        "owner": "foldu",
        "repo": "cashewnix",
        "type": "github"
      }
    },
    "crane": {
      "locked": {
        "lastModified": 1766774972,
        "narHash": "sha256-8qxEFpj4dVmIuPn9j9z6NTbU+hrcGjBOvaxTzre5HmM=",
        "owner": "ipetkov",
        "repo": "crane",
        "rev": "01bc1d404a51a0a07e9d8759cd50a7903e218c82",
        "type": "github"
      },
      "original": {
        "owner": "ipetkov",
        "repo": "crane",
        "type": "github"
      }
    },
    "crane_2": {
      "locked": {
        "lastModified": 1768873933,
        "narHash": "sha256-CfyzdaeLNGkyAHp3kT5vjvXhA1pVVK7nyDziYxCPsNk=",
        "owner": "ipetkov",
        "repo": "crane",
        "rev": "0bda7e7d005ccb5522a76d11ccfbf562b71953ca",
        "type": "github"
      },
      "original": {
        "owner": "ipetkov",
        "repo": "crane",
        "type": "github"
      }
    },
    "crane_3": {
      "locked": {
        "lastModified": 1734808813,
        "narHash": "sha256-3aH/0Y6ajIlfy7j52FGZ+s4icVX0oHhqBzRdlOeztqg=",
        "owner": "ipetkov",
        "repo": "crane",
        "rev": "72e2d02dbac80c8c86bf6bf3e785536acf8ee926",
        "type": "github"
      },
      "original": {
        "owner": "ipetkov",
        "ref": "v0.20.0",
        "repo": "crane",
        "type": "github"
      }
    },
    "crane_4": {
      "locked": {
        "lastModified": 1762538466,
        "narHash": "sha256-8zrIPl6J+wLm9MH5ksHcW7BUHo7jSNOu0/hA0ohOOaM=",
        "owner": "ipetkov",
        "repo": "crane",
        "rev": "0cea393fffb39575c46b7a0318386467272182fe",
        "type": "github"
      },
      "original": {
        "owner": "ipetkov",
        "repo": "crane",
        "type": "github"
      }
    },
    "crane_5": {
      "locked": {
        "lastModified": 1731098351,
        "narHash": "sha256-HQkYvKvaLQqNa10KEFGgWHfMAbWBfFp+4cAgkut+NNE=",
        "owner": "ipetkov",
        "repo": "crane",
        "rev": "ef80ead953c1b28316cc3f8613904edc2eb90c28",
        "type": "github"
      },
      "original": {
        "owner": "ipetkov",
        "repo": "crane",
        "type": "github"
      }
    },
    "crane_6": {
      "locked": {
        "lastModified": 1744386647,
        "narHash": "sha256-DXwQEJllxpYeVOiSlBhQuGjfvkoGHTtILLYO2FvcyzQ=",
        "owner": "ipetkov",
        "repo": "crane",
        "rev": "d02c1cdd7ec539699aa44e6ff912e15535969803",
        "type": "github"
      },
      "original": {
        "owner": "ipetkov",
        "repo": "crane",
        "type": "github"
      }
    },
    "eunzip": {
      "inputs": {
        "crane": [
          "nix-stuff",
          "crane"
        ],
        "flake-utils": "flake-utils_4",
        "nixpkgs": [
          "nix-stuff",
          "nixpkgs"
        ]
      },
      "locked": {
        "lastModified": 1725563598,
        "narHash": "sha256-pYlX4X8xPGalcXeN7/DhrcWFw7Xh7NCYb1v51tDL1Oc=",
        "owner": "foldu",
        "repo": "eunzip",
        "rev": "bcdfc8dcff733665cce619eb1397b4e408afe7d4",
        "type": "github"
      },
      "original": {
        "owner": "foldu",
        "repo": "eunzip",
        "type": "github"
      }
    },
    "flake-parts": {
      "inputs": {
        "nixpkgs-lib": [
          "neovim-nightly-overlay",
          "nixpkgs"
        ]
      },
      "locked": {
        "lastModified": 1768135262,
        "narHash": "sha256-PVvu7OqHBGWN16zSi6tEmPwwHQ4rLPU9Plvs8/1TUBY=",
        "owner": "hercules-ci",
        "repo": "flake-parts",
        "rev": "80daad04eddbbf5a4d883996a73f3f542fa437ac",
        "type": "github"
      },
      "original": {
        "owner": "hercules-ci",
        "repo": "flake-parts",
        "type": "github"
      }
    },
    "flake-utils": {
      "inputs": {
        "systems": "systems"
      },
      "locked": {
        "lastModified": 1731533236,
        "narHash": "sha256-l0KFg5HjrsfsO/JpG+r7fRrqm12kzFHyUHqHCVpMMbI=",
        "owner": "numtide",
        "repo": "flake-utils",
        "rev": "11707dc2f618dd54ca8739b309ec4fc024de578b",
        "type": "github"
      },
      "original": {
        "owner": "numtide",
        "repo": "flake-utils",
        "type": "github"
      }
    },
    "flake-utils_2": {
      "inputs": {
        "systems": "systems_2"
      },
      "locked": {
        "lastModified": 1731533236,
        "narHash": "sha256-l0KFg5HjrsfsO/JpG+r7fRrqm12kzFHyUHqHCVpMMbI=",
        "owner": "numtide",
        "repo": "flake-utils",
        "rev": "11707dc2f618dd54ca8739b309ec4fc024de578b",
        "type": "github"
      },
      "original": {
        "owner": "numtide",
        "repo": "flake-utils",
        "type": "github"
      }
    },
    "flake-utils_3": {
      "inputs": {
        "systems": "systems_3"
      },
      "locked": {
        "lastModified": 1731533236,
        "narHash": "sha256-l0KFg5HjrsfsO/JpG+r7fRrqm12kzFHyUHqHCVpMMbI=",
        "owner": "numtide",
        "repo": "flake-utils",
        "rev": "11707dc2f618dd54ca8739b309ec4fc024de578b",
        "type": "github"
      },
      "original": {
        "owner": "numtide",
        "repo": "flake-utils",
        "type": "github"
      }
    },
    "flake-utils_4": {
      "inputs": {
        "systems": "systems_4"
      },
      "locked": {
        "lastModified": 1710146030,
        "narHash": "sha256-SZ5L6eA7HJ/nmkzGG7/ISclqe6oZdOZTNoesiInkXPQ=",
        "owner": "numtide",
        "repo": "flake-utils",
        "rev": "b1d9ab70662946ef0850d488da1c9019f3a9752a",
        "type": "github"
      },
      "original": {
        "owner": "numtide",
        "repo": "flake-utils",
        "type": "github"
      }
    },
    "flake-utils_5": {
      "inputs": {
        "systems": "systems_5"
      },
      "locked": {
        "lastModified": 1731533236,
        "narHash": "sha256-l0KFg5HjrsfsO/JpG+r7fRrqm12kzFHyUHqHCVpMMbI=",
        "owner": "numtide",
        "repo": "flake-utils",
        "rev": "11707dc2f618dd54ca8739b309ec4fc024de578b",
        "type": "github"
      },
      "original": {
        "owner": "numtide",
        "repo": "flake-utils",
        "type": "github"
      }
    },
    "flake-utils_6": {
      "inputs": {
        "systems": "systems_6"
      },
      "locked": {
        "lastModified": 1731533236,
        "narHash": "sha256-l0KFg5HjrsfsO/JpG+r7fRrqm12kzFHyUHqHCVpMMbI=",
        "owner": "numtide",
        "repo": "flake-utils",
        "rev": "11707dc2f618dd54ca8739b309ec4fc024de578b",
        "type": "github"
      },
      "original": {
        "owner": "numtide",
        "repo": "flake-utils",
        "type": "github"
      }
    },
    "flake-utils_7": {
      "inputs": {
        "systems": "systems_7"
      },
      "locked": {
        "lastModified": 1731533236,
        "narHash": "sha256-l0KFg5HjrsfsO/JpG+r7fRrqm12kzFHyUHqHCVpMMbI=",
        "owner": "numtide",
        "repo": "flake-utils",
        "rev": "11707dc2f618dd54ca8739b309ec4fc024de578b",
        "type": "github"
      },
      "original": {
        "owner": "numtide",
        "repo": "flake-utils",
        "type": "github"
      }
    },
    "flake-utils_8": {
      "inputs": {
        "systems": "systems_8"
      },
      "locked": {
        "lastModified": 1731533236,
        "narHash": "sha256-l0KFg5HjrsfsO/JpG+r7fRrqm12kzFHyUHqHCVpMMbI=",
        "owner": "numtide",
        "repo": "flake-utils",
        "rev": "11707dc2f618dd54ca8739b309ec4fc024de578b",
        "type": "github"
      },
      "original": {
        "owner": "numtide",
        "repo": "flake-utils",
        "type": "github"
      }
    },
    "flake-utils_9": {
      "inputs": {
        "systems": "systems_9"
      },
      "locked": {
        "lastModified": 1731533236,
        "narHash": "sha256-l0KFg5HjrsfsO/JpG+r7fRrqm12kzFHyUHqHCVpMMbI=",
        "owner": "numtide",
        "repo": "flake-utils",
        "rev": "11707dc2f618dd54ca8739b309ec4fc024de578b",
        "type": "github"
      },
      "original": {
        "owner": "numtide",
        "repo": "flake-utils",
        "type": "github"
      }
    },
    "home-manager": {
      "inputs": {
        "nixpkgs": [
          "nixpkgs"
        ]
      },
      "locked": {
        "lastModified": 1769132734,
        "narHash": "sha256-gmU9cRplrQWqoback9PgQX7Dlsdx8JlhlVZwf0q1F7E=",
        "owner": "nix-community",
        "repo": "home-manager",
        "rev": "d055b309a6277343cb1033a11d7500f0a0f669fc",
        "type": "github"
      },
      "original": {
        "owner": "nix-community",
        "ref": "master",
        "repo": "home-manager",
        "type": "github"
      }
    },
    "homeserver-sekret": {
      "flake": false,
      "locked": {
        "lastModified": 1766001920,
        "narHash": "sha256-aRrg2ESn11/Z0nni7u22PhpUUIdEnAWFxEK0K/AMTAo=",
        "ref": "refs/heads/master",
        "rev": "88a5bb81a5ca637850099c6adf5a741ae4a44db2",
        "revCount": 182,
        "type": "git",
        "url": "https://lab.home.5kw.li/foldu/sekret"
      },
      "original": {
        "type": "git",
        "url": "https://lab.home.5kw.li/foldu/sekret"
      }
    },
    "kanagawa-theme": {
      "flake": false,
      "locked": {
        "lastModified": 1760519540,
        "narHash": "sha256-nHcQWTX4x4ala6+fvh4EWRVcZMNk5jZiZAwWhw03ExE=",
        "owner": "rebelot",
        "repo": "kanagawa.nvim",
        "rev": "aef7f5cec0a40dbe7f3304214850c472e2264b10",
        "type": "github"
      },
      "original": {
        "owner": "rebelot",
        "repo": "kanagawa.nvim",
        "type": "github"
      }
    },
    "neovim-nightly-overlay": {
      "inputs": {
        "flake-parts": "flake-parts",
        "neovim-src": "neovim-src",
        "nixpkgs": "nixpkgs_3"
      },
      "locked": {
        "lastModified": 1769126721,
        "narHash": "sha256-vMWf9C4LK2fshCKgUYGR0fn4/3qg2/sWyFILv4YYTB8=",
        "owner": "nix-community",
        "repo": "neovim-nightly-overlay",
        "rev": "7c77dcce004c0845da25e0fe9a6c8b11bd46e614",
        "type": "github"
      },
      "original": {
        "owner": "nix-community",
        "repo": "neovim-nightly-overlay",
        "type": "github"
      }
    },
    "neovim-src": {
      "flake": false,
      "locked": {
        "lastModified": 1769125444,
        "narHash": "sha256-KOVSBncEUsn5ZqbkaDo5GhXWCoKqdZGij/KnLH5CoVI=",
        "owner": "neovim",
        "repo": "neovim",
        "rev": "c39d18ee939cba5f905416fcc97661b1836f4de4",
        "type": "github"
      },
      "original": {
        "owner": "neovim",
        "repo": "neovim",
        "type": "github"
      }
    },
    "nix-stuff": {
      "inputs": {
        "crane": [
          "crane"
        ],
        "eunzip": "eunzip",
        "flake-utils": "flake-utils_5",
        "nixpkgs": [
          "nixpkgs"
        ]
      },
      "locked": {
        "lastModified": 1769157093,
        "narHash": "sha256-W9fedXOEUf6E3c2iyrJyryJwXMMXznha+rHuZYnNQkg=",
        "owner": "foldu",
        "repo": "nix-stuff",
        "rev": "2465eb3b4d118949d4fa2e147762397ac275414f",
        "type": "github"
      },
      "original": {
        "owner": "foldu",
        "repo": "nix-stuff",
        "type": "github"
      }
    },
    "nixos-hardware": {
      "locked": {
        "lastModified": 1769086393,
        "narHash": "sha256-3ymIZ8s3+hu7sDl/Y48o6bwMxorfKrmn97KuWiw1vjY=",
        "owner": "NixOS",
        "repo": "nixos-hardware",
        "rev": "9f7ba891ea5fc3ededd7804f1a23fafadbcb26ca",
        "type": "github"
      },
      "original": {
        "owner": "NixOS",
        "repo": "nixos-hardware",
        "type": "github"
      }
    },
    "nixpkgs": {
      "locked": {
        "lastModified": 1766902085,
        "narHash": "sha256-coBu0ONtFzlwwVBzmjacUQwj3G+lybcZ1oeNSQkgC0M=",
        "owner": "NixOS",
        "repo": "nixpkgs",
        "rev": "c0b0e0fddf73fd517c3471e546c0df87a42d53f4",
        "type": "github"
      },
      "original": {
        "owner": "NixOS",
        "ref": "nixos-unstable",
        "repo": "nixpkgs",
        "type": "github"
      }
    },
    "nixpkgs_2": {
      "locked": {
        "lastModified": 1769018530,
        "narHash": "sha256-MJ27Cy2NtBEV5tsK+YraYr2g851f3Fl1LpNHDzDX15c=",
        "owner": "NixOS",
        "repo": "nixpkgs",
        "rev": "88d3861acdd3d2f0e361767018218e51810df8a1",
        "type": "github"
      },
      "original": {
        "owner": "NixOS",
        "ref": "nixos-unstable",
        "repo": "nixpkgs",
        "type": "github"
      }
    },
    "nixpkgs_3": {
      "locked": {
        "lastModified": 1768875095,
        "narHash": "sha256-dYP3DjiL7oIiiq3H65tGIXXIT1Waiadmv93JS0sS+8A=",
        "owner": "NixOS",
        "repo": "nixpkgs",
        "rev": "ed142ab1b3a092c4d149245d0c4126a5d7ea00b0",
        "type": "github"
      },
      "original": {
        "owner": "NixOS",
        "ref": "nixpkgs-unstable",
        "repo": "nixpkgs",
        "type": "github"
      }
    },
    "nixpkgs_4": {
      "locked": {
        "lastModified": 1769018530,
        "narHash": "sha256-MJ27Cy2NtBEV5tsK+YraYr2g851f3Fl1LpNHDzDX15c=",
        "owner": "NixOS",
        "repo": "nixpkgs",
        "rev": "88d3861acdd3d2f0e361767018218e51810df8a1",
        "type": "github"
      },
      "original": {
        "owner": "NixOS",
        "ref": "nixos-unstable",
        "repo": "nixpkgs",
        "type": "github"
      }
    },
    "nixpkgs_5": {
      "locked": {
        "lastModified": 1762596750,
        "narHash": "sha256-rXXuz51Bq7DHBlfIjN7jO8Bu3du5TV+3DSADBX7/9YQ=",
        "owner": "NixOS",
        "repo": "nixpkgs",
        "rev": "b6a8526db03f735b89dd5ff348f53f752e7ddc8e",
        "type": "github"
      },
      "original": {
        "owner": "NixOS",
        "ref": "nixos-unstable",
        "repo": "nixpkgs",
        "type": "github"
      }
    },
    "nixpkgs_6": {
      "locked": {
        "lastModified": 1744391087,
        "narHash": "sha256-klESmOIiqVVBnonVlGhPsUuYCeZ3UzpQks7/YUCXMC0=",
        "owner": "NixOS",
        "repo": "nixpkgs",
        "rev": "0ba0e2417d5be0612e31c93df0ed1663da1a7886",
        "type": "github"
      },
      "original": {
        "owner": "NixOS",
        "repo": "nixpkgs",
        "type": "github"
      }
    },
    "pickwp": {
      "inputs": {
        "crane": "crane_4",
        "flake-utils": "flake-utils_6",
        "nixpkgs": "nixpkgs_5"
      },
      "locked": {
        "lastModified": 1763375926,
        "narHash": "sha256-bkdy0UBhloN19WzUy4AwlAS+HEDutgld30bH9X19FXM=",
        "ref": "refs/heads/master",
        "rev": "e9a2d1c7d10698c48b65f1668650a20707201928",
        "revCount": 341,
        "type": "git",
        "url": "https://lab.home.5kw.li/foldu/pickwp"
      },
      "original": {
        "type": "git",
        "url": "https://lab.home.5kw.li/foldu/pickwp"
      }
    },
    "quadlet-nix": {
      "locked": {
        "lastModified": 1767469290,
        "narHash": "sha256-VuxV4TzPXKFFvbqsaT9gCFsN30yx9dfMs5iZhL7sYrY=",
        "owner": "SEIAROTg",
        "repo": "quadlet-nix",
        "rev": "f5dd07b6a491b67d4f0742e6a8f46d92ff92cdc7",
        "type": "github"
      },
      "original": {
        "owner": "SEIAROTg",
        "repo": "quadlet-nix",
        "type": "github"
      }
    },
    "root": {
      "inputs": {
        "atchr": "atchr",
        "cashewnix": "cashewnix",
        "crane": "crane_3",
        "flake-utils": "flake-utils_3",
        "home-manager": "home-manager",
        "homeserver-sekret": "homeserver-sekret",
        "kanagawa-theme": "kanagawa-theme",
        "neovim-nightly-overlay": "neovim-nightly-overlay",
        "nix-stuff": "nix-stuff",
        "nixos-hardware": "nixos-hardware",
        "nixpkgs": "nixpkgs_4",
        "pickwp": "pickwp",
        "quadlet-nix": "quadlet-nix",
        "sops-nix": "sops-nix",
        "src-manage": "src-manage",
        "wpp-gtk": "wpp-gtk",
        "yazi": "yazi"
      }
    },
    "rust-overlay": {
      "inputs": {
        "nixpkgs": [
          "yazi",
          "nixpkgs"
        ]
      },
      "locked": {
        "lastModified": 1769091129,
        "narHash": "sha256-Jj/vIHjiu4OdDIrDXZ3xOPCJrMZZKzhE2UIVXV/NYzY=",
        "owner": "oxalica",
        "repo": "rust-overlay",
        "rev": "131e22d6a6d54ab72aeef6a5a661ab7005b4c596",
        "type": "github"
      },
      "original": {
        "owner": "oxalica",
        "repo": "rust-overlay",
        "type": "github"
      }
    },
    "sops-nix": {
      "inputs": {
        "nixpkgs": [
          "nixpkgs"
        ]
      },
      "locked": {
        "lastModified": 1768863606,
        "narHash": "sha256-1IHAeS8WtBiEo5XiyJBHOXMzECD6aaIOJmpQKzRRl64=",
        "owner": "Mic92",
        "repo": "sops-nix",
        "rev": "c7067be8db2c09ab1884de67ef6c4f693973f4a2",
        "type": "github"
      },
      "original": {
        "owner": "Mic92",
        "repo": "sops-nix",
        "type": "github"
      }
    },
    "src-manage": {
      "inputs": {
        "crane": "crane_5",
        "flake-utils": "flake-utils_7",
        "nixpkgs": [
          "nixpkgs"
        ]
      },
      "locked": {
        "lastModified": 1732042029,
        "narHash": "sha256-Pctb42SL5rIvfrKj18m8AgM8crMazjkPe25v4RoTyBg=",
        "owner": "foldu",
        "repo": "src-manage",
        "rev": "d9c02462c19d2d84d73aba9282688f942e6669d9",
        "type": "github"
      },
      "original": {
        "owner": "foldu",
        "repo": "src-manage",
        "type": "github"
      }
    },
    "systems": {
      "locked": {
        "lastModified": 1681028828,
        "narHash": "sha256-Vy1rq5AaRuLzOxct8nz4T6wlgyUR7zLU309k9mBC768=",
        "owner": "nix-systems",
        "repo": "default",
        "rev": "da67096a3b9bf56a91d16901293e51ba5b49a27e",
        "type": "github"
      },
      "original": {
        "owner": "nix-systems",
        "repo": "default",
        "type": "github"
      }
    },
    "systems_2": {
      "locked": {
        "lastModified": 1681028828,
        "narHash": "sha256-Vy1rq5AaRuLzOxct8nz4T6wlgyUR7zLU309k9mBC768=",
        "owner": "nix-systems",
        "repo": "default",
        "rev": "da67096a3b9bf56a91d16901293e51ba5b49a27e",
        "type": "github"
      },
      "original": {
        "owner": "nix-systems",
        "repo": "default",
        "type": "github"
      }
    },
    "systems_3": {
      "locked": {
        "lastModified": 1681028828,
        "narHash": "sha256-Vy1rq5AaRuLzOxct8nz4T6wlgyUR7zLU309k9mBC768=",
        "owner": "nix-systems",
        "repo": "default",
        "rev": "da67096a3b9bf56a91d16901293e51ba5b49a27e",
        "type": "github"
      },
      "original": {
        "owner": "nix-systems",
        "repo": "default",
        "type": "github"
      }
    },
    "systems_4": {
      "locked": {
        "lastModified": 1681028828,
        "narHash": "sha256-Vy1rq5AaRuLzOxct8nz4T6wlgyUR7zLU309k9mBC768=",
        "owner": "nix-systems",
        "repo": "default",
        "rev": "da67096a3b9bf56a91d16901293e51ba5b49a27e",
        "type": "github"
      },
      "original": {
        "owner": "nix-systems",
        "repo": "default",
        "type": "github"
      }
    },
    "systems_5": {
      "locked": {
        "lastModified": 1681028828,
        "narHash": "sha256-Vy1rq5AaRuLzOxct8nz4T6wlgyUR7zLU309k9mBC768=",
        "owner": "nix-systems",
        "repo": "default",
        "rev": "da67096a3b9bf56a91d16901293e51ba5b49a27e",
        "type": "github"
      },
      "original": {
        "owner": "nix-systems",
        "repo": "default",
        "type": "github"
      }
    },
    "systems_6": {
      "locked": {
        "lastModified": 1681028828,
        "narHash": "sha256-Vy1rq5AaRuLzOxct8nz4T6wlgyUR7zLU309k9mBC768=",
        "owner": "nix-systems",
        "repo": "default",
        "rev": "da67096a3b9bf56a91d16901293e51ba5b49a27e",
        "type": "github"
      },
      "original": {
        "owner": "nix-systems",
        "repo": "default",
        "type": "github"
      }
    },
    "systems_7": {
      "locked": {
        "lastModified": 1681028828,
        "narHash": "sha256-Vy1rq5AaRuLzOxct8nz4T6wlgyUR7zLU309k9mBC768=",
        "owner": "nix-systems",
        "repo": "default",
        "rev": "da67096a3b9bf56a91d16901293e51ba5b49a27e",
        "type": "github"
      },
      "original": {
        "owner": "nix-systems",
        "repo": "default",
        "type": "github"
      }
    },
    "systems_8": {
      "locked": {
        "lastModified": 1681028828,
        "narHash": "sha256-Vy1rq5AaRuLzOxct8nz4T6wlgyUR7zLU309k9mBC768=",
        "owner": "nix-systems",
        "repo": "default",
        "rev": "da67096a3b9bf56a91d16901293e51ba5b49a27e",
        "type": "github"
      },
      "original": {
        "owner": "nix-systems",
        "repo": "default",
        "type": "github"
      }
    },
    "systems_9": {
      "locked": {
        "lastModified": 1681028828,
        "narHash": "sha256-Vy1rq5AaRuLzOxct8nz4T6wlgyUR7zLU309k9mBC768=",
        "owner": "nix-systems",
        "repo": "default",
        "rev": "da67096a3b9bf56a91d16901293e51ba5b49a27e",
        "type": "github"
      },
      "original": {
        "owner": "nix-systems",
        "repo": "default",
        "type": "github"
      }
    },
    "wpp-gtk": {
      "inputs": {
        "crane": "crane_6",
        "flake-utils": "flake-utils_8",
        "nixpkgs": "nixpkgs_6"
      },
      "locked": {
        "lastModified": 1744391659,
        "narHash": "sha256-th0nvSZv7oVZnMZhAp+sH1L675Baw4KgHLpLBPPJyvc=",
        "ref": "refs/heads/master",
        "rev": "a154ca94644284f540d29eb7e3092381578162b2",
        "revCount": 81,
        "type": "git",
        "url": "https://lab.home.5kw.li/foldu/wpp-gtk"
      },
      "original": {
        "type": "git",
        "url": "https://lab.home.5kw.li/foldu/wpp-gtk"
      }
    },
    "yazi": {
      "inputs": {
        "flake-utils": "flake-utils_9",
        "nixpkgs": [
          "nixpkgs"
        ],
        "rust-overlay": "rust-overlay"
      },
      "locked": {
        "lastModified": 1769174081,
        "narHash": "sha256-XlvB9gRDLMKpQDiNAqGs9x/uOHRtq65lZuxlPbhRTN8=",
        "owner": "sxyazi",
        "repo": "yazi",
        "rev": "49b8324bbfc548f4190e3362e304480948539fdb",
        "type": "github"
      },
      "original": {
        "owner": "sxyazi",
        "repo": "yazi",
        "type": "github"
      }
    }
  },
  "root": "root",
  "version": 7
}
