{
  "nodes": {
    "atchr": {
      "inputs": {
        "crane": [
          "crane"
        ],
        "flake-utils": [
          "flake-utils"
        ],
        "nixpkgs": [
          "nixpkgs"
        ]
      },
      "locked": {
        "lastModified": 1670351052,
        "narHash": "sha256-kXJ8zU/zCqMVnOgIRN59f37C9otm887KBeEqoKgYD6c=",
        "ref": "refs/heads/master",
        "rev": "a91d043d7474ea23bfdf2c83c0a547ec51a0805c",
        "revCount": 100,
        "type": "git",
        "url": "https://git.home.5kw.li/foldu/atchr"
      },
      "original": {
        "type": "git",
        "url": "https://git.home.5kw.li/foldu/atchr"
      }
    },
    "blocklistdownloadthing": {
      "inputs": {
        "crane": [
          "crane"
        ],
        "flake-utils": [
          "flake-utils"
        ],
        "nixpkgs": [
          "nixpkgs"
        ]
      },
      "locked": {
        "lastModified": 1672671632,
        "narHash": "sha256-2fapQpDMp4zjHrYFEmOB6f8ugo6EGPnqQ8aJn89plio=",
        "owner": "foldu",
        "repo": "blocklistdownloadthing",
        "rev": "881317918efad1ffd14a5de3f762c7a585466477",
        "type": "github"
      },
      "original": {
        "owner": "foldu",
        "repo": "blocklistdownloadthing",
        "type": "github"
      }
    },
    "crane": {
      "inputs": {
        "flake-compat": "flake-compat",
        "flake-utils": "flake-utils",
        "nixpkgs": [
          "nixpkgs"
        ],
        "rust-overlay": "rust-overlay"
      },
      "locked": {
        "lastModified": 1675475924,
        "narHash": "sha256-KWdfV9a6+zG6Ij/7PZYLnomjBZZUu8gdRy+hfjGrrJQ=",
        "owner": "ipetkov",
        "repo": "crane",
        "rev": "1bde9c762ebf26de9f8ecf502357c92105bc4577",
        "type": "github"
      },
      "original": {
        "owner": "ipetkov",
        "repo": "crane",
        "type": "github"
      }
    },
    "eunzip": {
      "inputs": {
        "crane": [
          "crane"
        ],
        "flake-utils": [
          "flake-utils"
        ],
        "nixpkgs": [
          "nixpkgs"
        ]
      },
      "locked": {
        "lastModified": 1672670695,
        "narHash": "sha256-ki9h/wTuf286ie9fDMZOmJU+LsWbjyHxyExt1mATaGU=",
        "owner": "foldu",
        "repo": "eunzip",
        "rev": "5048ff2c0e477c86c5a307bc68c8306ef8c1ab5e",
        "type": "github"
      },
      "original": {
        "owner": "foldu",
        "repo": "eunzip",
        "type": "github"
      }
    },
    "flake-compat": {
      "flake": false,
      "locked": {
        "lastModified": 1673956053,
        "narHash": "sha256-4gtG9iQuiKITOjNQQeQIpoIB6b16fm+504Ch3sNKLd8=",
        "owner": "edolstra",
        "repo": "flake-compat",
        "rev": "35bb57c0c8d8b62bbfd284272c928ceb64ddbde9",
        "type": "github"
      },
      "original": {
        "owner": "edolstra",
        "repo": "flake-compat",
        "type": "github"
      }
    },
    "flake-compat_2": {
      "flake": false,
      "locked": {
        "lastModified": 1673956053,
        "narHash": "sha256-4gtG9iQuiKITOjNQQeQIpoIB6b16fm+504Ch3sNKLd8=",
        "owner": "edolstra",
        "repo": "flake-compat",
        "rev": "35bb57c0c8d8b62bbfd284272c928ceb64ddbde9",
        "type": "github"
      },
      "original": {
        "owner": "edolstra",
        "repo": "flake-compat",
        "type": "github"
      }
    },
    "flake-utils": {
      "locked": {
        "lastModified": 1667395993,
        "narHash": "sha256-nuEHfE/LcWyuSWnS8t12N1wc105Qtau+/OdUAjtQ0rA=",
        "owner": "numtide",
        "repo": "flake-utils",
        "rev": "5aed5285a952e0b949eb3ba02c12fa4fcfef535f",
        "type": "github"
      },
      "original": {
        "owner": "numtide",
        "repo": "flake-utils",
        "type": "github"
      }
    },
    "flake-utils_2": {
      "locked": {
        "lastModified": 1667395993,
        "narHash": "sha256-nuEHfE/LcWyuSWnS8t12N1wc105Qtau+/OdUAjtQ0rA=",
        "owner": "numtide",
        "repo": "flake-utils",
        "rev": "5aed5285a952e0b949eb3ba02c12fa4fcfef535f",
        "type": "github"
      },
      "original": {
        "owner": "numtide",
        "repo": "flake-utils",
        "type": "github"
      }
    },
    "flake-utils_3": {
      "locked": {
        "lastModified": 1667395993,
        "narHash": "sha256-nuEHfE/LcWyuSWnS8t12N1wc105Qtau+/OdUAjtQ0rA=",
        "owner": "numtide",
        "repo": "flake-utils",
        "rev": "5aed5285a952e0b949eb3ba02c12fa4fcfef535f",
        "type": "github"
      },
      "original": {
        "owner": "numtide",
        "repo": "flake-utils",
        "type": "github"
      }
    },
    "flake-utils_4": {
      "locked": {
        "lastModified": 1667395993,
        "narHash": "sha256-nuEHfE/LcWyuSWnS8t12N1wc105Qtau+/OdUAjtQ0rA=",
        "owner": "numtide",
        "repo": "flake-utils",
        "rev": "5aed5285a952e0b949eb3ba02c12fa4fcfef535f",
        "type": "github"
      },
      "original": {
        "owner": "numtide",
        "repo": "flake-utils",
        "type": "github"
      }
    },
    "flake-utils_5": {
      "locked": {
        "lastModified": 1656928814,
        "narHash": "sha256-RIFfgBuKz6Hp89yRr7+NR5tzIAbn52h8vT6vXkYjZoM=",
        "owner": "numtide",
        "repo": "flake-utils",
        "rev": "7e2a3b3dfd9af950a856d66b0a7d01e3c18aa249",
        "type": "github"
      },
      "original": {
        "owner": "numtide",
        "repo": "flake-utils",
        "type": "github"
      }
    },
    "flake-utils_6": {
      "locked": {
        "lastModified": 1659877975,
        "narHash": "sha256-zllb8aq3YO3h8B/U0/J1WBgAL8EX5yWf5pMj3G0NAmc=",
        "owner": "numtide",
        "repo": "flake-utils",
        "rev": "c0e246b9b83f637f4681389ecabcb2681b4f3af0",
        "type": "github"
      },
      "original": {
        "owner": "numtide",
        "repo": "flake-utils",
        "type": "github"
      }
    },
    "home-manager": {
      "inputs": {
        "nixpkgs": [
          "nixpkgs"
        ],
        "utils": "utils"
      },
      "locked": {
        "lastModified": 1675637696,
        "narHash": "sha256-tilJS8zCS3PaDfVOfsBZ4zspuam8tc7IMZxtGa/K/uo=",
        "owner": "nix-community",
        "repo": "home-manager",
        "rev": "c43d4a3d6d9ef8ddbe2438362f5c775b4186000b",
        "type": "github"
      },
      "original": {
        "owner": "nix-community",
        "ref": "master",
        "repo": "home-manager",
        "type": "github"
      }
    },
    "homeserver-sekret": {
      "flake": false,
      "locked": {
        "lastModified": 1675687615,
        "narHash": "sha256-hvcagUZvpsmhDnoCnNTdVejrHbgJNsTU9HfBLbxKG4c=",
        "ref": "refs/heads/master",
        "rev": "d33b502be64c63b4387ab4fc2d2815833521db3c",
        "revCount": 100,
        "type": "git",
        "url": "https://git.home.5kw.li/foldu/sekret"
      },
      "original": {
        "type": "git",
        "url": "https://git.home.5kw.li/foldu/sekret"
      }
    },
    "huh": {
      "inputs": {
        "crane": [
          "crane"
        ],
        "flake-utils": [
          "flake-utils"
        ],
        "nixpkgs": [
          "nixpkgs"
        ]
      },
      "locked": {
        "lastModified": 1667209839,
        "narHash": "sha256-qSTHSJLMje3mbQXzjNAapgRC1WdDEcIlySPNbQVuv8Q=",
        "owner": "foldu",
        "repo": "huh",
        "rev": "1aee8d791d76b28038cea098a9f648f945eb9297",
        "type": "github"
      },
      "original": {
        "owner": "foldu",
        "repo": "huh",
        "type": "github"
      }
    },
    "kanagawa-theme": {
      "flake": false,
      "locked": {
        "lastModified": 1673868942,
        "narHash": "sha256-cVDcaOxrPPSAF4H8qsFwMIzP1uFUMZNrznB7XrIQADs=",
        "owner": "rebelot",
        "repo": "kanagawa.nvim",
        "rev": "4c8d48726621a7f3998c7ed35b2c2535abc22def",
        "type": "github"
      },
      "original": {
        "owner": "rebelot",
        "repo": "kanagawa.nvim",
        "type": "github"
      }
    },
    "kitty-themes": {
      "flake": false,
      "locked": {
        "lastModified": 1675570897,
        "narHash": "sha256-9h86xY1lUwrwlzlD1QR3le2rh7HUp/R7JG2bFfxtsdM=",
        "owner": "kovidgoyal",
        "repo": "kitty-themes",
        "rev": "1c669883ed04398c4f5ef1a1457c54aa13f07a83",
        "type": "github"
      },
      "original": {
        "owner": "kovidgoyal",
        "repo": "kitty-themes",
        "type": "github"
      }
    },
    "neovim-flake": {
      "inputs": {
        "flake-utils": "flake-utils_3",
        "nixpkgs": [
          "neovim-nightly-overlay",
          "nixpkgs"
        ]
      },
      "locked": {
        "dir": "contrib",
        "lastModified": 1675657440,
        "narHash": "sha256-UkEa4LKXLNglbn5U2o/zee9AePaVVzLkhe06rv6jtDg=",
        "owner": "neovim",
        "repo": "neovim",
        "rev": "6c39edaa7e5060cedfbbf61e88f4aad20fdff73d",
        "type": "github"
      },
      "original": {
        "dir": "contrib",
        "owner": "neovim",
        "repo": "neovim",
        "type": "github"
      }
    },
    "neovim-nightly-overlay": {
      "inputs": {
        "flake-compat": "flake-compat_2",
        "neovim-flake": "neovim-flake",
        "nixpkgs": "nixpkgs"
      },
      "locked": {
        "lastModified": 1675671305,
        "narHash": "sha256-AUcqYR+hZsGz0LCA+FNXejCEToLRceFXia4zMqxh2KE=",
        "owner": "nix-community",
        "repo": "neovim-nightly-overlay",
        "rev": "3660ca973f7f9608855abc497626776745c701e3",
        "type": "github"
      },
      "original": {
        "owner": "nix-community",
        "repo": "neovim-nightly-overlay",
        "type": "github"
      }
    },
    "nix-stuff": {
      "inputs": {
        "flake-utils": "flake-utils_4",
        "nixpkgs": [
          "nixpkgs"
        ]
      },
      "locked": {
        "lastModified": 1675585050,
        "narHash": "sha256-5aEChzOEztnol17Dnv6uTergRaHD67tsQjrgXLrlA2g=",
        "owner": "foldu",
        "repo": "nix-stuff",
        "rev": "f27b7c1bc185ba92e2863d9951e2e5b633047d12",
        "type": "github"
      },
      "original": {
        "owner": "foldu",
        "repo": "nix-stuff",
        "type": "github"
      }
    },
    "nixos-hardware": {
      "locked": {
        "lastModified": 1674550793,
        "narHash": "sha256-ljJlIFQZwtBbzWqWTmmw2O5BFmQf1A/DspwMOQtGXHk=",
        "owner": "NixOS",
        "repo": "nixos-hardware",
        "rev": "b7ac0a56029e4f9e6743b9993037a5aaafd57103",
        "type": "github"
      },
      "original": {
        "owner": "NixOS",
        "repo": "nixos-hardware",
        "type": "github"
      }
    },
    "nixpkgs": {
      "locked": {
        "lastModified": 1671983799,
        "narHash": "sha256-Z2Ro6hFPZHkBqkVXY5/aBUzxi5xizQGvuHQ9+T5B/ks=",
        "owner": "nixos",
        "repo": "nixpkgs",
        "rev": "fad51abd42ca17a60fc1d4cb9382e2d79ae31836",
        "type": "github"
      },
      "original": {
        "owner": "nixos",
        "ref": "nixpkgs-unstable",
        "repo": "nixpkgs",
        "type": "github"
      }
    },
    "nixpkgs_2": {
      "locked": {
        "lastModified": 1675545634,
        "narHash": "sha256-TbQeQcM5TA/wIho6xtzG+inUfiGzUXi8ewwttiQWYJE=",
        "owner": "NixOS",
        "repo": "nixpkgs",
        "rev": "0591d6b57bfeb55dfeec99a671843337bc2c3323",
        "type": "github"
      },
      "original": {
        "owner": "NixOS",
        "ref": "nixos-unstable",
        "repo": "nixpkgs",
        "type": "github"
      }
    },
    "pickwp": {
      "inputs": {
        "crane": [
          "crane"
        ],
        "flake-utils": "flake-utils_5",
        "nixpkgs": [
          "nixpkgs"
        ]
      },
      "locked": {
        "lastModified": 1672225821,
        "narHash": "sha256-p0fE/kE7qUIqoz/f+Hk4FgpY7Vou750tCCxCsSZ+FEY=",
        "ref": "refs/heads/master",
        "rev": "58419fa4162abad20d135789162841a98442fdfb",
        "revCount": 236,
        "type": "git",
        "url": "https://git.home.5kw.li/foldu/pickwp"
      },
      "original": {
        "type": "git",
        "url": "https://git.home.5kw.li/foldu/pickwp"
      }
    },
    "random-scripts": {
      "inputs": {
        "crane": [
          "crane"
        ],
        "flake-utils": "flake-utils_6",
        "nixpkgs": [
          "nixpkgs"
        ]
      },
      "locked": {
        "lastModified": 1670351110,
        "narHash": "sha256-Aqlfbc9/cac+ophJwDMWHnEKcy8vjQo+gGFFzxc6CCQ=",
        "ref": "refs/heads/master",
        "rev": "556b93efcd34f15c1df290d5a9e4e5b541f528c7",
        "revCount": 29,
        "type": "git",
        "url": "https://git.home.5kw.li/foldu/random-scripts"
      },
      "original": {
        "type": "git",
        "url": "https://git.home.5kw.li/foldu/random-scripts"
      }
    },
    "root": {
      "inputs": {
        "atchr": "atchr",
        "blocklistdownloadthing": "blocklistdownloadthing",
        "crane": "crane",
        "eunzip": "eunzip",
        "flake-utils": "flake-utils_2",
        "home-manager": "home-manager",
        "homeserver-sekret": "homeserver-sekret",
        "huh": "huh",
        "kanagawa-theme": "kanagawa-theme",
        "kitty-themes": "kitty-themes",
        "neovim-nightly-overlay": "neovim-nightly-overlay",
        "nix-stuff": "nix-stuff",
        "nixos-hardware": "nixos-hardware",
        "nixpkgs": "nixpkgs_2",
        "pickwp": "pickwp",
        "random-scripts": "random-scripts",
        "wpp-gtk": "wpp-gtk"
      }
    },
    "rust-overlay": {
      "inputs": {
        "flake-utils": [
          "crane",
          "flake-utils"
        ],
        "nixpkgs": [
          "crane",
          "nixpkgs"
        ]
      },
      "locked": {
        "lastModified": 1675391458,
        "narHash": "sha256-ukDKZw922BnK5ohL9LhwtaDAdCsJL7L6ScNEyF1lO9w=",
        "owner": "oxalica",
        "repo": "rust-overlay",
        "rev": "383a4acfd11d778d5c2efcf28376cbd845eeaedf",
        "type": "github"
      },
      "original": {
        "owner": "oxalica",
        "repo": "rust-overlay",
        "type": "github"
      }
    },
    "utils": {
      "locked": {
        "lastModified": 1667395993,
        "narHash": "sha256-nuEHfE/LcWyuSWnS8t12N1wc105Qtau+/OdUAjtQ0rA=",
        "owner": "numtide",
        "repo": "flake-utils",
        "rev": "5aed5285a952e0b949eb3ba02c12fa4fcfef535f",
        "type": "github"
      },
      "original": {
        "owner": "numtide",
        "repo": "flake-utils",
        "type": "github"
      }
    },
    "wpp-gtk": {
      "inputs": {
        "flake-utils": [
          "flake-utils"
        ],
        "nixpkgs": [
          "nixpkgs"
        ]
      },
      "locked": {
        "lastModified": 1667148066,
        "narHash": "sha256-+9ecLFkV7G1CK+6FGNcrAY7cmvz+/Lxy4q5lo502TtI=",
        "ref": "refs/heads/master",
        "rev": "998ca764f1c213fd0f82e94e1506ac632a3998c0",
        "revCount": 44,
        "type": "git",
        "url": "https://git.home.5kw.li/foldu/wpp-gtk"
      },
      "original": {
        "type": "git",
        "url": "https://git.home.5kw.li/foldu/wpp-gtk"
      }
    }
  },
  "root": "root",
  "version": 7
}
