{
  "nodes": {
    "atchr": {
      "inputs": {
        "crane": [
          "crane"
        ],
        "flake-utils": [
          "flake-utils"
        ],
        "nixpkgs": [
          "nixpkgs"
        ]
      },
      "locked": {
        "lastModified": 1646310447,
        "narHash": "sha256-J5FlSwdGfFzUkn/rwnPbTZp689OVYLiVZPifXcK5NkY=",
        "ref": "master",
        "rev": "6a771f89357d49450688057d750c038e7c42b1b2",
        "revCount": 80,
        "type": "git",
        "url": "https://git-home.5kw.li/foldu/atchr"
      },
      "original": {
        "type": "git",
        "url": "https://git-home.5kw.li/foldu/atchr"
      }
    },
    "blocklistdownloadthing": {
      "inputs": {
        "flake-utils": [
          "flake-utils"
        ],
        "naersk": [
          "naersk"
        ],
        "nixpkgs": [
          "nixpkgs"
        ]
      },
      "locked": {
        "lastModified": 1644245961,
        "narHash": "sha256-pCRVrg6ExrMLbl5mUbnH0bP5b7RGky2nYOM9H6I7VZs=",
        "owner": "foldu",
        "repo": "blocklistdownloadthing",
        "rev": "0df3bd2c9ce1a6543902ed12b31735f3fd9151aa",
        "type": "github"
      },
      "original": {
        "owner": "foldu",
        "repo": "blocklistdownloadthing",
        "type": "github"
      }
    },
    "crane": {
      "inputs": {
        "flake-compat": "flake-compat",
        "nix-std": "nix-std",
        "nixpkgs": [
          "nixpkgs"
        ],
        "utils": "utils"
      },
      "locked": {
        "lastModified": 1646176024,
        "narHash": "sha256-tmLycxj6Acq91XFPJYzlTI3JK4HWX05K8SpMO7kwCdI=",
        "owner": "ipetkov",
        "repo": "crane",
        "rev": "39305b3828b976cac90bcb2cc5bdf5cfbcafce33",
        "type": "github"
      },
      "original": {
        "owner": "ipetkov",
        "repo": "crane",
        "type": "github"
      }
    },
    "crane_2": {
      "inputs": {
        "flake-compat": "flake-compat_2",
        "flake-utils": "flake-utils_2",
        "nix-std": "nix-std_2",
        "nixpkgs": [
          "huh",
          "nixpkgs"
        ]
      },
      "locked": {
        "lastModified": 1651426575,
        "narHash": "sha256-VC/eZhJjNDviiUnQaMHQcl9iqjEjnsHL434NYMTINBI=",
        "owner": "ipetkov",
        "repo": "crane",
        "rev": "f98c3c7ca739535d31468502d3a5ffa65143367c",
        "type": "github"
      },
      "original": {
        "owner": "ipetkov",
        "repo": "crane",
        "type": "github"
      }
    },
    "eunzip": {
      "inputs": {
        "flake-utils": [
          "flake-utils"
        ],
        "naersk": [
          "naersk"
        ],
        "nixpkgs": [
          "nixpkgs"
        ]
      },
      "locked": {
        "lastModified": 1644245399,
        "narHash": "sha256-WtnPFIFNei48SHvA8FP2Kswu8IlCGi1+J8HZCkSYy6c=",
        "owner": "foldu",
        "repo": "eunzip",
        "rev": "4a7efaecb4535f660f21361a2049d9d4f06fdeec",
        "type": "github"
      },
      "original": {
        "owner": "foldu",
        "repo": "eunzip",
        "type": "github"
      }
    },
    "flake-compat": {
      "flake": false,
      "locked": {
        "lastModified": 1641205782,
        "narHash": "sha256-4jY7RCWUoZ9cKD8co0/4tFARpWB+57+r1bLLvXNJliY=",
        "owner": "edolstra",
        "repo": "flake-compat",
        "rev": "b7547d3eed6f32d06102ead8991ec52ab0a4f1a7",
        "type": "github"
      },
      "original": {
        "owner": "edolstra",
        "repo": "flake-compat",
        "type": "github"
      }
    },
    "flake-compat_2": {
      "flake": false,
      "locked": {
        "lastModified": 1650374568,
        "narHash": "sha256-Z+s0J8/r907g149rllvwhb4pKi8Wam5ij0st8PwAh+E=",
        "owner": "edolstra",
        "repo": "flake-compat",
        "rev": "b4a34015c698c7793d592d66adbab377907a2be8",
        "type": "github"
      },
      "original": {
        "owner": "edolstra",
        "repo": "flake-compat",
        "type": "github"
      }
    },
    "flake-compat_3": {
      "flake": false,
      "locked": {
        "lastModified": 1650374568,
        "narHash": "sha256-Z+s0J8/r907g149rllvwhb4pKi8Wam5ij0st8PwAh+E=",
        "owner": "edolstra",
        "repo": "flake-compat",
        "rev": "b4a34015c698c7793d592d66adbab377907a2be8",
        "type": "github"
      },
      "original": {
        "owner": "edolstra",
        "repo": "flake-compat",
        "type": "github"
      }
    },
    "flake-utils": {
      "locked": {
        "lastModified": 1614513358,
        "narHash": "sha256-LakhOx3S1dRjnh0b5Dg3mbZyH0ToC9I8Y2wKSkBaTzU=",
        "owner": "numtide",
        "repo": "flake-utils",
        "rev": "5466c5bbece17adaab2d82fae80b46e807611bf3",
        "type": "github"
      },
      "original": {
        "owner": "numtide",
        "repo": "flake-utils",
        "type": "github"
      }
    },
    "flake-utils_2": {
      "locked": {
        "lastModified": 1649676176,
        "narHash": "sha256-OWKJratjt2RW151VUlJPRALb7OU2S5s+f0vLj4o1bHM=",
        "owner": "numtide",
        "repo": "flake-utils",
        "rev": "a4b154ebbdc88c8498a5c7b01589addc9e9cb678",
        "type": "github"
      },
      "original": {
        "owner": "numtide",
        "repo": "flake-utils",
        "type": "github"
      }
    },
    "flake-utils_3": {
      "locked": {
        "lastModified": 1644229661,
        "narHash": "sha256-1YdnJAsNy69bpcjuoKdOYQX0YxZBiCYZo4Twxerqv7k=",
        "owner": "numtide",
        "repo": "flake-utils",
        "rev": "3cecb5b042f7f209c56ffd8371b2711a290ec797",
        "type": "github"
      },
      "original": {
        "owner": "numtide",
        "repo": "flake-utils",
        "type": "github"
      }
    },
    "flake-utils_4": {
      "locked": {
        "lastModified": 1598466101,
        "narHash": "sha256-JPhv+Ay98KMWRVRFlLEK9+eLpvNjhTBGWdFKZsE97ck=",
        "owner": "numtide",
        "repo": "flake-utils",
        "rev": "a586a6b966d59f53f45a04f8891fbc017dc09dbe",
        "type": "github"
      },
      "original": {
        "owner": "numtide",
        "repo": "flake-utils",
        "type": "github"
      }
    },
    "flake-utils_5": {
      "locked": {
        "lastModified": 1638122382,
        "narHash": "sha256-sQzZzAbvKEqN9s0bzWuYmRaA03v40gaJ4+iL1LXjaeI=",
        "owner": "numtide",
        "repo": "flake-utils",
        "rev": "74f7e4319258e287b0f9cb95426c9853b282730b",
        "type": "github"
      },
      "original": {
        "owner": "numtide",
        "repo": "flake-utils",
        "type": "github"
      }
    },
    "home-manager": {
      "inputs": {
        "nixpkgs": [
          "nixpkgs"
        ]
      },
      "locked": {
        "lastModified": 1651415224,
        "narHash": "sha256-O/EzwxUMa1OawWEwhS10Xki7RX3+hSgaJJziHeI4d7c=",
        "owner": "nix-community",
        "repo": "home-manager",
        "rev": "26858fc0dbed71fa0609490fc2f2643e0d175328",
        "type": "github"
      },
      "original": {
        "owner": "nix-community",
        "ref": "master",
        "repo": "home-manager",
        "type": "github"
      }
    },
    "homeserver-sekret": {
      "flake": false,
      "locked": {
        "lastModified": 1644518021,
        "narHash": "sha256-rtYGf5pjjMVheSscuSc9qaB6gjiqhcMOuFnUz/uHQe8=",
        "ref": "master",
        "rev": "91dc1606f55e16025d492e8e766bc92d2c61b4e8",
        "revCount": 58,
        "type": "git",
        "url": "https://git-home.5kw.li/foldu/sekret"
      },
      "original": {
        "type": "git",
        "url": "https://git-home.5kw.li/foldu/sekret"
      }
    },
    "huh": {
      "inputs": {
        "crane": "crane_2",
        "flake-utils": [
          "flake-utils"
        ],
        "nixpkgs": [
          "nixpkgs"
        ]
      },
      "locked": {
        "lastModified": 1651488557,
        "narHash": "sha256-RO3mxLKhd5LP4wXVcjs7xa6h5dduR++mGYlvIT5HiZ8=",
        "owner": "foldu",
        "repo": "huh",
        "rev": "4ee2a9370e8fb2665d94b581e612a8c1fe479473",
        "type": "github"
      },
      "original": {
        "owner": "foldu",
        "repo": "huh",
        "type": "github"
      }
    },
    "kanagawa-theme": {
      "flake": false,
      "locked": {
        "lastModified": 1650535465,
        "narHash": "sha256-ilW0fN/bY6nsRQ3FGqTIkzgrEPM98Ffstb9EkeBs7Bk=",
        "owner": "rebelot",
        "repo": "kanagawa.nvim",
        "rev": "0ad738e7cc43514d35388c1caca13990d688aa5c",
        "type": "github"
      },
      "original": {
        "owner": "rebelot",
        "repo": "kanagawa.nvim",
        "type": "github"
      }
    },
    "kitty-themes": {
      "flake": false,
      "locked": {
        "lastModified": 1633678485,
        "narHash": "sha256-hbAQKhDzLu+kjfHU8UHLnw8vnuw7vXhO/DuD4vx9w10=",
        "owner": "kovidgoyal",
        "repo": "kitty-themes",
        "rev": "753f7ed97b4fa77f6a52e8f493ef3f21a478c8f9",
        "type": "github"
      },
      "original": {
        "owner": "kovidgoyal",
        "repo": "kitty-themes",
        "type": "github"
      }
    },
    "naersk": {
      "inputs": {
        "nixpkgs": [
          "nixpkgs"
        ]
      },
      "locked": {
        "lastModified": 1639947939,
        "narHash": "sha256-pGsM8haJadVP80GFq4xhnSpNitYNQpaXk4cnA796Cso=",
        "owner": "nmattia",
        "repo": "naersk",
        "rev": "2fc8ce9d3c025d59fee349c1f80be9785049d653",
        "type": "github"
      },
      "original": {
        "owner": "nmattia",
        "repo": "naersk",
        "type": "github"
      }
    },
    "neovim-flake": {
      "inputs": {
        "flake-utils": "flake-utils_3",
        "nixpkgs": [
          "neovim-nightly-overlay",
          "nixpkgs"
        ]
      },
      "locked": {
        "dir": "contrib",
        "lastModified": 1651472840,
        "narHash": "sha256-Z5QhsVQOmB9XbsSkxwr4R0b9LQetuVIpezHCLf0NwFU=",
        "owner": "neovim",
        "repo": "neovim",
        "rev": "a23440bf7cf5102f18092bb4239c198e217bf928",
        "type": "github"
      },
      "original": {
        "dir": "contrib",
        "owner": "neovim",
        "repo": "neovim",
        "type": "github"
      }
    },
    "neovim-nightly-overlay": {
      "inputs": {
        "flake-compat": "flake-compat_3",
        "neovim-flake": "neovim-flake",
        "nixpkgs": [
          "nixpkgs"
        ]
      },
      "locked": {
        "lastModified": 1651479515,
        "narHash": "sha256-Dog8gpVHTnXbNqcVni1Pw5TLg0aEsbLEEZ/4U7cN+3o=",
        "owner": "nix-community",
        "repo": "neovim-nightly-overlay",
        "rev": "8e9ef07855fd6b45f056459417e01fb16dee1d50",
        "type": "github"
      },
      "original": {
        "owner": "nix-community",
        "repo": "neovim-nightly-overlay",
        "type": "github"
      }
    },
    "nix-std": {
      "locked": {
        "lastModified": 1624642189,
        "narHash": "sha256-tIt3p1k0PsYeIxK2xO9Z8k2Ggq2nH4auqj3RbVAiRrg=",
        "owner": "chessai",
        "repo": "nix-std",
        "rev": "9ef1cf73948bfad05d370165c7f3011b82c4d679",
        "type": "github"
      },
      "original": {
        "owner": "chessai",
        "repo": "nix-std",
        "type": "github"
      }
    },
    "nix-std_2": {
      "locked": {
        "lastModified": 1647625366,
        "narHash": "sha256-jR4tpiQDs4GNJC6MzfrNyOFIhVH3o203qR+YNB++GYo=",
        "owner": "chessai",
        "repo": "nix-std",
        "rev": "8b8d32582e298da2c15b4c13ca48ba7994ef96df",
        "type": "github"
      },
      "original": {
        "owner": "chessai",
        "repo": "nix-std",
        "type": "github"
      }
    },
    "nixos-hardware": {
      "locked": {
        "lastModified": 1650522846,
        "narHash": "sha256-SxWHXRI3qJwswyXAtzsi6PKVY3KLNNnb072KaJthII8=",
        "owner": "NixOS",
        "repo": "nixos-hardware",
        "rev": "6b4ebea9093c997c5f275c820e679108de4871ab",
        "type": "github"
      },
      "original": {
        "owner": "NixOS",
        "repo": "nixos-hardware",
        "type": "github"
      }
    },
    "nixpkgs": {
      "locked": {
        "lastModified": 1651007983,
        "narHash": "sha256-GNay7yDPtLcRcKCNHldug85AhAvBpTtPEJWSSDYBw8U=",
        "owner": "NixOS",
        "repo": "nixpkgs",
        "rev": "e10da1c7f542515b609f8dfbcf788f3d85b14936",
        "type": "github"
      },
      "original": {
        "owner": "NixOS",
        "ref": "nixos-unstable",
        "repo": "nixpkgs",
        "type": "github"
      }
    },
    "pickwp": {
      "inputs": {
        "crane": [
          "crane"
        ],
        "flake-utils": "flake-utils_4",
        "nixpkgs": [
          "nixpkgs"
        ]
      },
      "locked": {
        "lastModified": 1648724856,
        "narHash": "sha256-hQrCt+Qe7V/FW51yMyNZ2eUs0WTig0IPnmxsEsb2Mlw=",
        "ref": "master",
        "rev": "763aeb93ffe9dbc6000377d34682929239dfb4b2",
        "revCount": 226,
        "type": "git",
        "url": "https://git-home.5kw.li/foldu/pickwp"
      },
      "original": {
        "type": "git",
        "url": "https://git-home.5kw.li/foldu/pickwp"
      }
    },
    "random-scripts": {
      "inputs": {
        "flake-utils": "flake-utils_5",
        "nixpkgs": [
          "nixpkgs"
        ]
      },
      "locked": {
        "lastModified": 1644246117,
        "narHash": "sha256-sNfDGDTnzoYPNR4TJDtfLxjjhZ9WY1D3mZnQUHrtbgw=",
        "ref": "master",
        "rev": "b0ea17750f6d39ec83518a662867894430435eaf",
        "revCount": 4,
        "type": "git",
        "url": "https://git-home.5kw.li/foldu/random-scripts"
      },
      "original": {
        "type": "git",
        "url": "https://git-home.5kw.li/foldu/random-scripts"
      }
    },
    "root": {
      "inputs": {
        "atchr": "atchr",
        "blocklistdownloadthing": "blocklistdownloadthing",
        "crane": "crane",
        "eunzip": "eunzip",
        "flake-utils": "flake-utils",
        "home-manager": "home-manager",
        "homeserver-sekret": "homeserver-sekret",
        "huh": "huh",
        "kanagawa-theme": "kanagawa-theme",
        "kitty-themes": "kitty-themes",
        "naersk": "naersk",
        "neovim-nightly-overlay": "neovim-nightly-overlay",
        "nixos-hardware": "nixos-hardware",
        "nixpkgs": "nixpkgs",
        "pickwp": "pickwp",
        "random-scripts": "random-scripts",
        "wpp-gtk": "wpp-gtk"
      }
    },
    "utils": {
      "locked": {
        "lastModified": 1644229661,
        "narHash": "sha256-1YdnJAsNy69bpcjuoKdOYQX0YxZBiCYZo4Twxerqv7k=",
        "owner": "numtide",
        "repo": "flake-utils",
        "rev": "3cecb5b042f7f209c56ffd8371b2711a290ec797",
        "type": "github"
      },
      "original": {
        "owner": "numtide",
        "repo": "flake-utils",
        "type": "github"
      }
    },
    "wpp-gtk": {
      "inputs": {
        "flake-utils": [
          "flake-utils"
        ],
        "nixpkgs": [
          "nixpkgs"
        ]
      },
      "locked": {
        "lastModified": 1647438178,
        "narHash": "sha256-jETA5WbpPJhtEZ0MHxPa1FyUcwXy2NoJRtq6OtwJfq4=",
        "ref": "master",
        "rev": "fcea7e6fc4f3c78be2a42c6f7761f110e3d56994",
        "revCount": 35,
        "type": "git",
        "url": "https://git-home.5kw.li/foldu/wpp-gtk"
      },
      "original": {
        "type": "git",
        "url": "https://git-home.5kw.li/foldu/wpp-gtk"
      }
    }
  },
  "root": "root",
  "version": 7
}
